
Microsoft Visual Studio Solution File, Format Version 9.00
# Visual Studio 2005
Project("{FAE04EC0-301F-11D3-BF4B-00C04F79EFBC}") = "Schnell", "Schnell\Schnell.csproj", "{320F3F12-47C7-425C-94BF-AFCA4234F4DD}"
	ProjectSection(WebsiteProperties) = preProject
		Debug.AspNetCompiler.Debug = "True"
		Release.AspNetCompiler.Debug = "False"
	EndProjectSection
EndProject
Project("{FAE04EC0-301F-11D3-BF4B-00C04F79EFBC}") = "Schwiki", "Schwiki\Schwiki.csproj", "{6C367B49-AB28-4EFB-90FA-95EB105E3B09}"
	ProjectSection(WebsiteProperties) = preProject
		Debug.AspNetCompiler.Debug = "True"
		Release.AspNetCompiler.Debug = "False"
	EndProjectSection
EndProject
Global
	GlobalSection(SolutionConfigurationPlatforms) = preSolution
		Debug|Any CPU = Debug|Any CPU
		Release|Any CPU = Release|Any CPU
	EndGlobalSection
	GlobalSection(ProjectConfigurationPlatforms) = postSolution
		{320F3F12-47C7-425C-94BF-AFCA4234F4DD}.Debug|Any CPU.ActiveCfg = Debug|Any CPU
		{320F3F12-47C7-425C-94BF-AFCA4234F4DD}.Debug|Any CPU.Build.0 = Debug|Any CPU
		{320F3F12-47C7-425C-94BF-AFCA4234F4DD}.Release|Any CPU.ActiveCfg = Release|Any CPU
		{320F3F12-47C7-425C-94BF-AFCA4234F4DD}.Release|Any CPU.Build.0 = Release|Any CPU
		{6C367B49-AB28-4EFB-90FA-95EB105E3B09}.Debug|Any CPU.ActiveCfg = Debug|Any CPU
		{6C367B49-AB28-4EFB-90FA-95EB105E3B09}.Debug|Any CPU.Build.0 = Debug|Any CPU
		{6C367B49-AB28-4EFB-90FA-95EB105E3B09}.Release|Any CPU.ActiveCfg = Release|Any CPU
		{6C367B49-AB28-4EFB-90FA-95EB105E3B09}.Release|Any CPU.Build.0 = Release|Any CPU
	EndGlobalSection
	GlobalSection(SolutionProperties) = preSolution
		HideSolutionNode = FALSE
	EndGlobalSection
EndGlobal
